
Microsoft Visual Studio Solution File, Format Version 12.00
# Visual Studio 2012
Project("{FAE04EC0-301F-11D3-BF4B-00C04F79EFBC}") = "Porcupine", "Porcupine\Porcupine.csproj", "{A13FE585-586B-4C0F-B9CE-B6E030DF4B7F}"
EndProject
Project("{FAE04EC0-301F-11D3-BF4B-00C04F79EFBC}") = "Porcupine.iOS", "iOS\Porcupine.iOS.csproj", "{8FA69E2D-2F43-4B19-BC5C-3DCD4BBCA1AF}"
EndProject
Project("{FAE04EC0-301F-11D3-BF4B-00C04F79EFBC}") = "Porcupine.Droid", "Droid\Porcupine.Droid.csproj", "{BD18DEF4-D4F2-44AC-9CB4-E9CD459FEC84}"
EndProject
Global
	GlobalSection(SolutionConfigurationPlatforms) = preSolution
		Debug|Any CPU = Debug|Any CPU
		Release|Any CPU = Release|Any CPU
		Debug|iPhoneSimulator = Debug|iPhoneSimulator
		Release|iPhone = Release|iPhone
		Release|iPhoneSimulator = Release|iPhoneSimulator
		Debug|iPhone = Debug|iPhone
	EndGlobalSection
	GlobalSection(ProjectConfigurationPlatforms) = postSolution
		{A13FE585-586B-4C0F-B9CE-B6E030DF4B7F}.Debug|Any CPU.ActiveCfg = Debug|Any CPU
		{A13FE585-586B-4C0F-B9CE-B6E030DF4B7F}.Debug|Any CPU.Build.0 = Debug|Any CPU
		{A13FE585-586B-4C0F-B9CE-B6E030DF4B7F}.Release|Any CPU.ActiveCfg = Release|Any CPU
		{A13FE585-586B-4C0F-B9CE-B6E030DF4B7F}.Release|Any CPU.Build.0 = Release|Any CPU
		{A13FE585-586B-4C0F-B9CE-B6E030DF4B7F}.Debug|iPhoneSimulator.ActiveCfg = Debug|Any CPU
		{A13FE585-586B-4C0F-B9CE-B6E030DF4B7F}.Debug|iPhoneSimulator.Build.0 = Debug|Any CPU
		{A13FE585-586B-4C0F-B9CE-B6E030DF4B7F}.Release|iPhone.ActiveCfg = Release|Any CPU
		{A13FE585-586B-4C0F-B9CE-B6E030DF4B7F}.Release|iPhone.Build.0 = Release|Any CPU
		{A13FE585-586B-4C0F-B9CE-B6E030DF4B7F}.Release|iPhoneSimulator.ActiveCfg = Release|Any CPU
		{A13FE585-586B-4C0F-B9CE-B6E030DF4B7F}.Release|iPhoneSimulator.Build.0 = Release|Any CPU
		{A13FE585-586B-4C0F-B9CE-B6E030DF4B7F}.Debug|iPhone.ActiveCfg = Debug|Any CPU
		{A13FE585-586B-4C0F-B9CE-B6E030DF4B7F}.Debug|iPhone.Build.0 = Debug|Any CPU
		{8FA69E2D-2F43-4B19-BC5C-3DCD4BBCA1AF}.Debug|Any CPU.ActiveCfg = Debug|iPhoneSimulator
		{8FA69E2D-2F43-4B19-BC5C-3DCD4BBCA1AF}.Debug|Any CPU.Build.0 = Debug|iPhoneSimulator
		{8FA69E2D-2F43-4B19-BC5C-3DCD4BBCA1AF}.Release|Any CPU.ActiveCfg = Release|iPhone
		{8FA69E2D-2F43-4B19-BC5C-3DCD4BBCA1AF}.Release|Any CPU.Build.0 = Release|iPhone
		{8FA69E2D-2F43-4B19-BC5C-3DCD4BBCA1AF}.Debug|iPhoneSimulator.ActiveCfg = Debug|iPhoneSimulator
		{8FA69E2D-2F43-4B19-BC5C-3DCD4BBCA1AF}.Debug|iPhoneSimulator.Build.0 = Debug|iPhoneSimulator
		{8FA69E2D-2F43-4B19-BC5C-3DCD4BBCA1AF}.Release|iPhone.ActiveCfg = Release|iPhone
		{8FA69E2D-2F43-4B19-BC5C-3DCD4BBCA1AF}.Release|iPhone.Build.0 = Release|iPhone
		{8FA69E2D-2F43-4B19-BC5C-3DCD4BBCA1AF}.Release|iPhoneSimulator.ActiveCfg = Release|iPhoneSimulator
		{8FA69E2D-2F43-4B19-BC5C-3DCD4BBCA1AF}.Release|iPhoneSimulator.Build.0 = Release|iPhoneSimulator
		{8FA69E2D-2F43-4B19-BC5C-3DCD4BBCA1AF}.Debug|iPhone.ActiveCfg = Debug|iPhone
		{8FA69E2D-2F43-4B19-BC5C-3DCD4BBCA1AF}.Debug|iPhone.Build.0 = Debug|iPhone
		{BD18DEF4-D4F2-44AC-9CB4-E9CD459FEC84}.Debug|Any CPU.ActiveCfg = Debug|Any CPU
		{BD18DEF4-D4F2-44AC-9CB4-E9CD459FEC84}.Debug|Any CPU.Build.0 = Debug|Any CPU
		{BD18DEF4-D4F2-44AC-9CB4-E9CD459FEC84}.Release|Any CPU.ActiveCfg = Release|Any CPU
		{BD18DEF4-D4F2-44AC-9CB4-E9CD459FEC84}.Release|Any CPU.Build.0 = Release|Any CPU
		{BD18DEF4-D4F2-44AC-9CB4-E9CD459FEC84}.Debug|iPhoneSimulator.ActiveCfg = Debug|Any CPU
		{BD18DEF4-D4F2-44AC-9CB4-E9CD459FEC84}.Debug|iPhoneSimulator.Build.0 = Debug|Any CPU
		{BD18DEF4-D4F2-44AC-9CB4-E9CD459FEC84}.Release|iPhone.ActiveCfg = Release|Any CPU
		{BD18DEF4-D4F2-44AC-9CB4-E9CD459FEC84}.Release|iPhone.Build.0 = Release|Any CPU
		{BD18DEF4-D4F2-44AC-9CB4-E9CD459FEC84}.Release|iPhoneSimulator.ActiveCfg = Release|Any CPU
		{BD18DEF4-D4F2-44AC-9CB4-E9CD459FEC84}.Release|iPhoneSimulator.Build.0 = Release|Any CPU
		{BD18DEF4-D4F2-44AC-9CB4-E9CD459FEC84}.Debug|iPhone.ActiveCfg = Debug|Any CPU
		{BD18DEF4-D4F2-44AC-9CB4-E9CD459FEC84}.Debug|iPhone.Build.0 = Debug|Any CPU
	EndGlobalSection
EndGlobal
